
Microsoft Visual Studio Solution File, Format Version 12.00
# Visual Studio Version 16
VisualStudioVersion = 16.0.30611.23
MinimumVisualStudioVersion = 10.0.40219.1
Project("{9A19103F-16F7-4668-BE54-9A1E7A4F7556}") = "Bees", "Bees\Bees.csproj", "{B88641D9-C212-4E4F-9045-1DB0174CE2BE}"
EndProject
Project("{9A19103F-16F7-4668-BE54-9A1E7A4F7556}") = "BeesTestProject", "BeesTestProject\BeesTestProject.csproj", "{1F3FD792-F30A-44AA-B3AA-310C94C59967}"
EndProject
Project("{9A19103F-16F7-4668-BE54-9A1E7A4F7556}") = "BeesForm", "BeesForm\BeesForm.csproj", "{850DFE92-921A-4C3F-BF7E-F6211B89FA4A}"
EndProject
Global
	GlobalSection(SolutionConfigurationPlatforms) = preSolution
		Debug|Any CPU = Debug|Any CPU
		Release|Any CPU = Release|Any CPU
	EndGlobalSection
	GlobalSection(ProjectConfigurationPlatforms) = postSolution
		{B88641D9-C212-4E4F-9045-1DB0174CE2BE}.Debug|Any CPU.ActiveCfg = Debug|Any CPU
		{B88641D9-C212-4E4F-9045-1DB0174CE2BE}.Debug|Any CPU.Build.0 = Debug|Any CPU
		{B88641D9-C212-4E4F-9045-1DB0174CE2BE}.Release|Any CPU.ActiveCfg = Release|Any CPU
		{B88641D9-C212-4E4F-9045-1DB0174CE2BE}.Release|Any CPU.Build.0 = Release|Any CPU
		{1F3FD792-F30A-44AA-B3AA-310C94C59967}.Debug|Any CPU.ActiveCfg = Debug|Any CPU
		{1F3FD792-F30A-44AA-B3AA-310C94C59967}.Debug|Any CPU.Build.0 = Debug|Any CPU
		{1F3FD792-F30A-44AA-B3AA-310C94C59967}.Release|Any CPU.ActiveCfg = Release|Any CPU
		{1F3FD792-F30A-44AA-B3AA-310C94C59967}.Release|Any CPU.Build.0 = Release|Any CPU
		{850DFE92-921A-4C3F-BF7E-F6211B89FA4A}.Debug|Any CPU.ActiveCfg = Debug|Any CPU
		{850DFE92-921A-4C3F-BF7E-F6211B89FA4A}.Debug|Any CPU.Build.0 = Debug|Any CPU
		{850DFE92-921A-4C3F-BF7E-F6211B89FA4A}.Release|Any CPU.ActiveCfg = Release|Any CPU
		{850DFE92-921A-4C3F-BF7E-F6211B89FA4A}.Release|Any CPU.Build.0 = Release|Any CPU
	EndGlobalSection
	GlobalSection(SolutionProperties) = preSolution
		HideSolutionNode = FALSE
	EndGlobalSection
	GlobalSection(ExtensibilityGlobals) = postSolution
		SolutionGuid = {834A7DB1-2352-467E-B246-A98527596CDD}
	EndGlobalSection
EndGlobal
